
Microsoft Visual Studio Solution File, Format Version 12.00
# Visual Studio Version 17
VisualStudioVersion = 17.13.35931.197
MinimumVisualStudioVersion = 10.0.40219.1
Project("{FAE04EC0-301F-11D3-BF4B-00C04F79EFBC}") = "WSCAD.Ui", "WSCAD.Ui\WSCAD.Ui.csproj", "{976077E4-4C3F-4510-8C83-5039F901579E}"
	ProjectSection(ProjectDependencies) = postProject
		{6056AB72-D0D9-4ED5-A14B-170DD03F7A3C} = {6056AB72-D0D9-4ED5-A14B-170DD03F7A3C}
	EndProjectSection
EndProject
Project("{FAE04EC0-301F-11D3-BF4B-00C04F79EFBC}") = "WSCAD.Core", "WSCAD.Core\WSCAD.Core.csproj", "{0290080B-A713-4B05-88A0-E73CF51777B1}"
EndProject
Project("{FAE04EC0-301F-11D3-BF4B-00C04F79EFBC}") = "WSCAD.Infrastructure", "WSCAD.Infrastructure\WSCAD.Infrastructure.csproj", "{6056AB72-D0D9-4ED5-A14B-170DD03F7A3C}"
	ProjectSection(ProjectDependencies) = postProject
		{0290080B-A713-4B05-88A0-E73CF51777B1} = {0290080B-A713-4B05-88A0-E73CF51777B1}
	EndProjectSection
EndProject
Global
	GlobalSection(SolutionConfigurationPlatforms) = preSolution
		Debug|Any CPU = Debug|Any CPU
		Release|Any CPU = Release|Any CPU
	EndGlobalSection
	GlobalSection(ProjectConfigurationPlatforms) = postSolution
		{976077E4-4C3F-4510-8C83-5039F901579E}.Debug|Any CPU.ActiveCfg = Debug|Any CPU
		{976077E4-4C3F-4510-8C83-5039F901579E}.Debug|Any CPU.Build.0 = Debug|Any CPU
		{976077E4-4C3F-4510-8C83-5039F901579E}.Release|Any CPU.ActiveCfg = Release|Any CPU
		{976077E4-4C3F-4510-8C83-5039F901579E}.Release|Any CPU.Build.0 = Release|Any CPU
		{0290080B-A713-4B05-88A0-E73CF51777B1}.Debug|Any CPU.ActiveCfg = Debug|Any CPU
		{0290080B-A713-4B05-88A0-E73CF51777B1}.Debug|Any CPU.Build.0 = Debug|Any CPU
		{0290080B-A713-4B05-88A0-E73CF51777B1}.Release|Any CPU.ActiveCfg = Release|Any CPU
		{0290080B-A713-4B05-88A0-E73CF51777B1}.Release|Any CPU.Build.0 = Release|Any CPU
		{6056AB72-D0D9-4ED5-A14B-170DD03F7A3C}.Debug|Any CPU.ActiveCfg = Debug|Any CPU
		{6056AB72-D0D9-4ED5-A14B-170DD03F7A3C}.Debug|Any CPU.Build.0 = Debug|Any CPU
		{6056AB72-D0D9-4ED5-A14B-170DD03F7A3C}.Release|Any CPU.ActiveCfg = Release|Any CPU
		{6056AB72-D0D9-4ED5-A14B-170DD03F7A3C}.Release|Any CPU.Build.0 = Release|Any CPU
	EndGlobalSection
	GlobalSection(SolutionProperties) = preSolution
		HideSolutionNode = FALSE
	EndGlobalSection
	GlobalSection(ExtensibilityGlobals) = postSolution
		SolutionGuid = {F962BC93-1943-4015-9AA2-A8CCEC5BF088}
	EndGlobalSection
EndGlobal
